Microsoft Visual Studio Solution File, Format Version 11.00
# Visual Studio 2008

Project("{2B3334E8-B498-7EF8-8BC7-A1CCE50031ED}") = "FPSControl4_1", "Assembly-CSharp.csproj", "{04F00EE5-4B36-591E-BB6E-9C1369B950C8}"
EndProject
Project("{2B3334E8-B498-7EF8-8BC7-A1CCE50031ED}") = "FPSControl4_1", "Assembly-CSharp-Editor.csproj", "{AAB26E9E-B18F-EDB5-69B1-95B0E30BD00C}"
EndProject
Project("{2B3334E8-B498-7EF8-8BC7-A1CCE50031ED}") = "FPSControl4_1", "Assembly-Boo-Editor.booproj", "{8DA5CFF9-C967-7E50-7044-8A1252DE3DDA}"
EndProject
Project("{2B3334E8-B498-7EF8-8BC7-A1CCE50031ED}") = "FPSControl4_1", "Assembly-UnityScript.unityproj", "{07A90664-C450-638F-5276-6129C25E74FE}"
EndProject
Project("{2B3334E8-B498-7EF8-8BC7-A1CCE50031ED}") = "FPSControl4_1", "Assembly-UnityScript-Editor.unityproj", "{609EBF57-D57B-9A2A-BFF3-E8CBDD7648F4}"
EndProject
Global
	GlobalSection(SolutionConfigurationPlatforms) = preSolution
		Debug|Any CPU = Debug|Any CPU
		Release|Any CPU = Release|Any CPU
	EndGlobalSection
	GlobalSection(ProjectConfigurationPlatforms) = postSolution
		{04F00EE5-4B36-591E-BB6E-9C1369B950C8}.Debug|Any CPU.ActiveCfg = Debug|Any CPU
		{04F00EE5-4B36-591E-BB6E-9C1369B950C8}.Debug|Any CPU.Build.0 = Debug|Any CPU
		{04F00EE5-4B36-591E-BB6E-9C1369B950C8}.Release|Any CPU.ActiveCfg = Release|Any CPU
		{04F00EE5-4B36-591E-BB6E-9C1369B950C8}.Release|Any CPU.Build.0 = Release|Any CPU
		{AAB26E9E-B18F-EDB5-69B1-95B0E30BD00C}.Debug|Any CPU.ActiveCfg = Debug|Any CPU
		{AAB26E9E-B18F-EDB5-69B1-95B0E30BD00C}.Debug|Any CPU.Build.0 = Debug|Any CPU
		{AAB26E9E-B18F-EDB5-69B1-95B0E30BD00C}.Release|Any CPU.ActiveCfg = Release|Any CPU
		{AAB26E9E-B18F-EDB5-69B1-95B0E30BD00C}.Release|Any CPU.Build.0 = Release|Any CPU
		{8DA5CFF9-C967-7E50-7044-8A1252DE3DDA}.Debug|Any CPU.ActiveCfg = Debug|Any CPU
		{8DA5CFF9-C967-7E50-7044-8A1252DE3DDA}.Debug|Any CPU.Build.0 = Debug|Any CPU
		{8DA5CFF9-C967-7E50-7044-8A1252DE3DDA}.Release|Any CPU.ActiveCfg = Release|Any CPU
		{8DA5CFF9-C967-7E50-7044-8A1252DE3DDA}.Release|Any CPU.Build.0 = Release|Any CPU
		{07A90664-C450-638F-5276-6129C25E74FE}.Debug|Any CPU.ActiveCfg = Debug|Any CPU
		{07A90664-C450-638F-5276-6129C25E74FE}.Debug|Any CPU.Build.0 = Debug|Any CPU
		{07A90664-C450-638F-5276-6129C25E74FE}.Release|Any CPU.ActiveCfg = Release|Any CPU
		{07A90664-C450-638F-5276-6129C25E74FE}.Release|Any CPU.Build.0 = Release|Any CPU
		{609EBF57-D57B-9A2A-BFF3-E8CBDD7648F4}.Debug|Any CPU.ActiveCfg = Debug|Any CPU
		{609EBF57-D57B-9A2A-BFF3-E8CBDD7648F4}.Debug|Any CPU.Build.0 = Debug|Any CPU
		{609EBF57-D57B-9A2A-BFF3-E8CBDD7648F4}.Release|Any CPU.ActiveCfg = Release|Any CPU
		{609EBF57-D57B-9A2A-BFF3-E8CBDD7648F4}.Release|Any CPU.Build.0 = Release|Any CPU
	EndGlobalSection
	GlobalSection(SolutionProperties) = preSolution
		HideSolutionNode = FALSE
	EndGlobalSection
																																																																																																																			GlobalSection(MonoDevelopProperties) = preSolution
		StartupItem = Assembly-CSharp.csproj
		Policies = $0
		$0.TextStylePolicy = $1
		$1.inheritsSet = null
		$1.scope = text/x-csharp
		$0.CSharpFormattingPolicy = $2
		$2.inheritsSet = Mono
		$2.inheritsScope = text/x-csharp
		$2.scope = text/x-csharp
		$0.TextStylePolicy = $3
		$3.FileWidth = 120
		$3.TabWidth = 4
		$3.EolMarker = Unix
		$3.inheritsSet = Mono
		$3.inheritsScope = text/plain
		$3.scope = text/plain
	EndGlobalSection

EndGlobal
